# generated by rye
# use `rye lock` or `rye sync` to update this lockfile
#
# last locked with the following flags:
#   pre: false
#   features: []
#   all-features: false
#   with-sources: false
#   generate-hashes: false

ansible==10.0.1
ansible-core==2.17.0
    # via ansible
boto3==1.34.122
botocore==1.34.122
    # via boto3
    # via s3transfer
cffi==1.16.0
    # via cryptography
cryptography==42.0.8
    # via ansible-core
jinja2==3.1.4
    # via ansible-core
jmespath==1.0.1
    # via boto3
    # via botocore
markupsafe==2.1.5
    # via jinja2
packaging==24.0
    # via ansible-core
pycparser==2.22
    # via cffi
python-dateutil==2.9.0.post0
    # via botocore
pyyaml==6.0.1
    # via ansible-core
resolvelib==1.0.1
    # via ansible-core
s3transfer==0.10.1
    # via boto3
six==1.16.0
    # via python-dateutil
urllib3==2.2.1
    # via botocore
